
Microsoft Visual Studio Solution File, Format Version 12.00
Project("{FAE04EC0-301F-11D3-BF4B-00C04F79EFBC}") = "NotificationCenter", "NotificationCenter\NotificationCenter.csproj", "{9C2E97B7-5C18-4EA3-B734-F4A3ABFAEF9C}"
EndProject
Global
	GlobalSection(SolutionConfigurationPlatforms) = preSolution
		Debug|Any CPU = Debug|Any CPU
		Release|Any CPU = Release|Any CPU
	EndGlobalSection
	GlobalSection(ProjectConfigurationPlatforms) = postSolution
		{9C2E97B7-5C18-4EA3-B734-F4A3ABFAEF9C}.Debug|Any CPU.ActiveCfg = Debug|Any CPU
		{9C2E97B7-5C18-4EA3-B734-F4A3ABFAEF9C}.Debug|Any CPU.Build.0 = Debug|Any CPU
		{9C2E97B7-5C18-4EA3-B734-F4A3ABFAEF9C}.Release|Any CPU.ActiveCfg = Release|Any CPU
		{9C2E97B7-5C18-4EA3-B734-F4A3ABFAEF9C}.Release|Any CPU.Build.0 = Release|Any CPU
	EndGlobalSection
EndGlobal
